
Microsoft Visual Studio Solution File, Format Version 12.00
# Visual Studio 15
VisualStudioVersion = 15.0.26124.0
MinimumVisualStudioVersion = 15.0.26124.0
Project("{2150E333-8FDC-42A3-9474-1A3956D46DE8}") = "src", "src", "{E5ADAA70-BDCF-4838-A0C0-00B65FE64603}"
EndProject
Project("{FAE04EC0-301F-11D3-BF4B-00C04F79EFBC}") = "Idempotent.Core", "src\Idempotent.Core\Idempotent.Core.csproj", "{705E1468-3DBB-4DAF-B8DC-DA381B815768}"
EndProject
Project("{2150E333-8FDC-42A3-9474-1A3956D46DE8}") = "samples", "samples", "{0B7501D7-CA6F-4371-AD99-52A8C9211D89}"
EndProject
Project("{FAE04EC0-301F-11D3-BF4B-00C04F79EFBC}") = "Idempotent.Core.Api", "samples\Idempotent.Core.Api\Idempotent.Core.Api.csproj", "{E5EB2522-1E2C-4A65-BBA3-C727E2481685}"
EndProject
Project("{2150E333-8FDC-42A3-9474-1A3956D46DE8}") = "test", "test", "{883E3D67-82CF-47C1-872D-280CAD1DEC80}"
EndProject
Project("{FAE04EC0-301F-11D3-BF4B-00C04F79EFBC}") = "Idempotent.Core.Tests", "test\Idempotent.Core.Tests\Idempotent.Core.Tests.csproj", "{283D3290-13AD-4896-85CF-1BB02C819EE0}"
EndProject
Global
	GlobalSection(SolutionConfigurationPlatforms) = preSolution
		Debug|Any CPU = Debug|Any CPU
		Debug|x64 = Debug|x64
		Debug|x86 = Debug|x86
		Release|Any CPU = Release|Any CPU
		Release|x64 = Release|x64
		Release|x86 = Release|x86
	EndGlobalSection
	GlobalSection(SolutionProperties) = preSolution
		HideSolutionNode = FALSE
	EndGlobalSection
	GlobalSection(ProjectConfigurationPlatforms) = postSolution
		{705E1468-3DBB-4DAF-B8DC-DA381B815768}.Debug|Any CPU.ActiveCfg = Debug|Any CPU
		{705E1468-3DBB-4DAF-B8DC-DA381B815768}.Debug|Any CPU.Build.0 = Debug|Any CPU
		{705E1468-3DBB-4DAF-B8DC-DA381B815768}.Debug|x64.ActiveCfg = Debug|Any CPU
		{705E1468-3DBB-4DAF-B8DC-DA381B815768}.Debug|x64.Build.0 = Debug|Any CPU
		{705E1468-3DBB-4DAF-B8DC-DA381B815768}.Debug|x86.ActiveCfg = Debug|Any CPU
		{705E1468-3DBB-4DAF-B8DC-DA381B815768}.Debug|x86.Build.0 = Debug|Any CPU
		{705E1468-3DBB-4DAF-B8DC-DA381B815768}.Release|Any CPU.ActiveCfg = Release|Any CPU
		{705E1468-3DBB-4DAF-B8DC-DA381B815768}.Release|Any CPU.Build.0 = Release|Any CPU
		{705E1468-3DBB-4DAF-B8DC-DA381B815768}.Release|x64.ActiveCfg = Release|Any CPU
		{705E1468-3DBB-4DAF-B8DC-DA381B815768}.Release|x64.Build.0 = Release|Any CPU
		{705E1468-3DBB-4DAF-B8DC-DA381B815768}.Release|x86.ActiveCfg = Release|Any CPU
		{705E1468-3DBB-4DAF-B8DC-DA381B815768}.Release|x86.Build.0 = Release|Any CPU
		{E5EB2522-1E2C-4A65-BBA3-C727E2481685}.Debug|Any CPU.ActiveCfg = Debug|Any CPU
		{E5EB2522-1E2C-4A65-BBA3-C727E2481685}.Debug|Any CPU.Build.0 = Debug|Any CPU
		{E5EB2522-1E2C-4A65-BBA3-C727E2481685}.Debug|x64.ActiveCfg = Debug|Any CPU
		{E5EB2522-1E2C-4A65-BBA3-C727E2481685}.Debug|x64.Build.0 = Debug|Any CPU
		{E5EB2522-1E2C-4A65-BBA3-C727E2481685}.Debug|x86.ActiveCfg = Debug|Any CPU
		{E5EB2522-1E2C-4A65-BBA3-C727E2481685}.Debug|x86.Build.0 = Debug|Any CPU
		{E5EB2522-1E2C-4A65-BBA3-C727E2481685}.Release|Any CPU.ActiveCfg = Release|Any CPU
		{E5EB2522-1E2C-4A65-BBA3-C727E2481685}.Release|Any CPU.Build.0 = Release|Any CPU
		{E5EB2522-1E2C-4A65-BBA3-C727E2481685}.Release|x64.ActiveCfg = Release|Any CPU
		{E5EB2522-1E2C-4A65-BBA3-C727E2481685}.Release|x64.Build.0 = Release|Any CPU
		{E5EB2522-1E2C-4A65-BBA3-C727E2481685}.Release|x86.ActiveCfg = Release|Any CPU
		{E5EB2522-1E2C-4A65-BBA3-C727E2481685}.Release|x86.Build.0 = Release|Any CPU
		{283D3290-13AD-4896-85CF-1BB02C819EE0}.Debug|Any CPU.ActiveCfg = Debug|Any CPU
		{283D3290-13AD-4896-85CF-1BB02C819EE0}.Debug|Any CPU.Build.0 = Debug|Any CPU
		{283D3290-13AD-4896-85CF-1BB02C819EE0}.Debug|x64.ActiveCfg = Debug|Any CPU
		{283D3290-13AD-4896-85CF-1BB02C819EE0}.Debug|x64.Build.0 = Debug|Any CPU
		{283D3290-13AD-4896-85CF-1BB02C819EE0}.Debug|x86.ActiveCfg = Debug|Any CPU
		{283D3290-13AD-4896-85CF-1BB02C819EE0}.Debug|x86.Build.0 = Debug|Any CPU
		{283D3290-13AD-4896-85CF-1BB02C819EE0}.Release|Any CPU.ActiveCfg = Release|Any CPU
		{283D3290-13AD-4896-85CF-1BB02C819EE0}.Release|Any CPU.Build.0 = Release|Any CPU
		{283D3290-13AD-4896-85CF-1BB02C819EE0}.Release|x64.ActiveCfg = Release|Any CPU
		{283D3290-13AD-4896-85CF-1BB02C819EE0}.Release|x64.Build.0 = Release|Any CPU
		{283D3290-13AD-4896-85CF-1BB02C819EE0}.Release|x86.ActiveCfg = Release|Any CPU
		{283D3290-13AD-4896-85CF-1BB02C819EE0}.Release|x86.Build.0 = Release|Any CPU
	EndGlobalSection
	GlobalSection(NestedProjects) = preSolution
		{705E1468-3DBB-4DAF-B8DC-DA381B815768} = {E5ADAA70-BDCF-4838-A0C0-00B65FE64603}
		{E5EB2522-1E2C-4A65-BBA3-C727E2481685} = {0B7501D7-CA6F-4371-AD99-52A8C9211D89}
		{283D3290-13AD-4896-85CF-1BB02C819EE0} = {883E3D67-82CF-47C1-872D-280CAD1DEC80}
	EndGlobalSection
EndGlobal
